
Microsoft Visual Studio Solution File, Format Version 12.00
# Visual Studio Version 17
VisualStudioVersion = 17.5.33209.295
MinimumVisualStudioVersion = 10.0.40219.1
Project("{9A19103F-16F7-4668-BE54-9A1E7A4F7556}") = "16uke37_01_Skyvepuslespill", "16uke37_01_Skyvepuslespill\16uke37_01_Skyvepuslespill.csproj", "{9091948D-08F5-4D6D-8A32-796961922C21}"
EndProject
Project("{C7167F0D-BC9F-4E6E-AFE1-012C56B48DB5}") = "SlidingPuzzle.Package", "SlidingPuzzle.Package\SlidingPuzzle.Package.wapproj", "{42CAC771-BE45-4989-8903-0553A004978F}"
EndProject
Global
	GlobalSection(SolutionConfigurationPlatforms) = preSolution
		Debug|Any CPU = Debug|Any CPU
		Debug|ARM = Debug|ARM
		Debug|ARM64 = Debug|ARM64
		Debug|x64 = Debug|x64
		Debug|x86 = Debug|x86
		Release|Any CPU = Release|Any CPU
		Release|ARM = Release|ARM
		Release|ARM64 = Release|ARM64
		Release|x64 = Release|x64
		Release|x86 = Release|x86
	EndGlobalSection
	GlobalSection(ProjectConfigurationPlatforms) = postSolution
		{9091948D-08F5-4D6D-8A32-796961922C21}.Debug|Any CPU.ActiveCfg = Debug|Any CPU
		{9091948D-08F5-4D6D-8A32-796961922C21}.Debug|Any CPU.Build.0 = Debug|Any CPU
		{9091948D-08F5-4D6D-8A32-796961922C21}.Debug|ARM.ActiveCfg = Debug|Any CPU
		{9091948D-08F5-4D6D-8A32-796961922C21}.Debug|ARM.Build.0 = Debug|Any CPU
		{9091948D-08F5-4D6D-8A32-796961922C21}.Debug|ARM64.ActiveCfg = Debug|Any CPU
		{9091948D-08F5-4D6D-8A32-796961922C21}.Debug|ARM64.Build.0 = Debug|Any CPU
		{9091948D-08F5-4D6D-8A32-796961922C21}.Debug|x64.ActiveCfg = Debug|Any CPU
		{9091948D-08F5-4D6D-8A32-796961922C21}.Debug|x64.Build.0 = Debug|Any CPU
		{9091948D-08F5-4D6D-8A32-796961922C21}.Debug|x86.ActiveCfg = Debug|Any CPU
		{9091948D-08F5-4D6D-8A32-796961922C21}.Debug|x86.Build.0 = Debug|Any CPU
		{9091948D-08F5-4D6D-8A32-796961922C21}.Release|Any CPU.ActiveCfg = Release|Any CPU
		{9091948D-08F5-4D6D-8A32-796961922C21}.Release|Any CPU.Build.0 = Release|Any CPU
		{9091948D-08F5-4D6D-8A32-796961922C21}.Release|ARM.ActiveCfg = Release|Any CPU
		{9091948D-08F5-4D6D-8A32-796961922C21}.Release|ARM.Build.0 = Release|Any CPU
		{9091948D-08F5-4D6D-8A32-796961922C21}.Release|ARM64.ActiveCfg = Release|Any CPU
		{9091948D-08F5-4D6D-8A32-796961922C21}.Release|ARM64.Build.0 = Release|Any CPU
		{9091948D-08F5-4D6D-8A32-796961922C21}.Release|x64.ActiveCfg = Release|Any CPU
		{9091948D-08F5-4D6D-8A32-796961922C21}.Release|x64.Build.0 = Release|Any CPU
		{9091948D-08F5-4D6D-8A32-796961922C21}.Release|x86.ActiveCfg = Release|Any CPU
		{9091948D-08F5-4D6D-8A32-796961922C21}.Release|x86.Build.0 = Release|Any CPU
		{42CAC771-BE45-4989-8903-0553A004978F}.Debug|Any CPU.ActiveCfg = Debug|Any CPU
		{42CAC771-BE45-4989-8903-0553A004978F}.Debug|Any CPU.Build.0 = Debug|Any CPU
		{42CAC771-BE45-4989-8903-0553A004978F}.Debug|Any CPU.Deploy.0 = Debug|Any CPU
		{42CAC771-BE45-4989-8903-0553A004978F}.Debug|ARM.ActiveCfg = Debug|ARM
		{42CAC771-BE45-4989-8903-0553A004978F}.Debug|ARM.Build.0 = Debug|ARM
		{42CAC771-BE45-4989-8903-0553A004978F}.Debug|ARM.Deploy.0 = Debug|ARM
		{42CAC771-BE45-4989-8903-0553A004978F}.Debug|ARM64.ActiveCfg = Debug|ARM64
		{42CAC771-BE45-4989-8903-0553A004978F}.Debug|ARM64.Build.0 = Debug|ARM64
		{42CAC771-BE45-4989-8903-0553A004978F}.Debug|ARM64.Deploy.0 = Debug|ARM64
		{42CAC771-BE45-4989-8903-0553A004978F}.Debug|x64.ActiveCfg = Debug|x64
		{42CAC771-BE45-4989-8903-0553A004978F}.Debug|x64.Build.0 = Debug|x64
		{42CAC771-BE45-4989-8903-0553A004978F}.Debug|x64.Deploy.0 = Debug|x64
		{42CAC771-BE45-4989-8903-0553A004978F}.Debug|x86.ActiveCfg = Debug|x86
		{42CAC771-BE45-4989-8903-0553A004978F}.Debug|x86.Build.0 = Debug|x86
		{42CAC771-BE45-4989-8903-0553A004978F}.Debug|x86.Deploy.0 = Debug|x86
		{42CAC771-BE45-4989-8903-0553A004978F}.Release|Any CPU.ActiveCfg = Release|Any CPU
		{42CAC771-BE45-4989-8903-0553A004978F}.Release|Any CPU.Build.0 = Release|Any CPU
		{42CAC771-BE45-4989-8903-0553A004978F}.Release|Any CPU.Deploy.0 = Release|Any CPU
		{42CAC771-BE45-4989-8903-0553A004978F}.Release|ARM.ActiveCfg = Release|ARM
		{42CAC771-BE45-4989-8903-0553A004978F}.Release|ARM.Build.0 = Release|ARM
		{42CAC771-BE45-4989-8903-0553A004978F}.Release|ARM.Deploy.0 = Release|ARM
		{42CAC771-BE45-4989-8903-0553A004978F}.Release|ARM64.ActiveCfg = Release|ARM64
		{42CAC771-BE45-4989-8903-0553A004978F}.Release|ARM64.Build.0 = Release|ARM64
		{42CAC771-BE45-4989-8903-0553A004978F}.Release|ARM64.Deploy.0 = Release|ARM64
		{42CAC771-BE45-4989-8903-0553A004978F}.Release|x64.ActiveCfg = Release|x64
		{42CAC771-BE45-4989-8903-0553A004978F}.Release|x64.Build.0 = Release|x64
		{42CAC771-BE45-4989-8903-0553A004978F}.Release|x64.Deploy.0 = Release|x64
		{42CAC771-BE45-4989-8903-0553A004978F}.Release|x86.ActiveCfg = Release|x86
		{42CAC771-BE45-4989-8903-0553A004978F}.Release|x86.Build.0 = Release|x86
		{42CAC771-BE45-4989-8903-0553A004978F}.Release|x86.Deploy.0 = Release|x86
	EndGlobalSection
	GlobalSection(SolutionProperties) = preSolution
		HideSolutionNode = FALSE
	EndGlobalSection
	GlobalSection(ExtensibilityGlobals) = postSolution
		SolutionGuid = {44F45867-E83B-4B32-A540-284DA000E2D0}
	EndGlobalSection
EndGlobal
